// !$*UTF8*$!
{
	archiveVersion = 1;
	classes = {
	};
	objectVersion = 46;
	objects = {

/* Begin PBXBuildFile section */
		27E389EC1E7EFF5100868720 /* AppDelegate.swift in Sources */ = {isa = PBXBuildFile; fileRef = 27E389EB1E7EFF5100868720 /* AppDelegate.swift */; };
		27E389EE1E7EFF5100868720 /* ViewController.swift in Sources */ = {isa = PBXBuildFile; fileRef = 27E389ED1E7EFF5100868720 /* ViewController.swift */; };
		27E389F01E7EFF5100868720 /* Assets.xcassets in Resources */ = {isa = PBXBuildFile; fileRef = 27E389EF1E7EFF5100868720 /* Assets.xcassets */; };
		27E389F31E7EFF5100868720 /* Main.storyboard in Resources */ = {isa = PBXBuildFile; fileRef = 27E389F11E7EFF5100868720 /* Main.storyboard */; };
		27E389FC1E7EFFE300868720 /* CoreLocation.framework in Frameworks */ = {isa = PBXBuildFile; fileRef = 27E389FB1E7EFFE300868720 /* CoreLocation.framework */; };
		27E389FE1E7F020800868720 /* Ibeacon.swift in Sources */ = {isa = PBXBuildFile; fileRef = 27E389FD1E7F020800868720 /* Ibeacon.swift */; };
/* End PBXBuildFile section */

/* Begin PBXFileReference section */
		27E389E81E7EFF5100868720 /* iBeaconGenerator.app */ = {isa = PBXFileReference; explicitFileType = wrapper.application; includeInIndex = 0; path = iBeaconGenerator.app; sourceTree = BUILT_PRODUCTS_DIR; };
		27E389EB1E7EFF5100868720 /* AppDelegate.swift */ = {isa = PBXFileReference; lastKnownFileType = sourcecode.swift; path = AppDelegate.swift; sourceTree = "<group>"; };
		27E389ED1E7EFF5100868720 /* ViewController.swift */ = {isa = PBXFileReference; lastKnownFileType = sourcecode.swift; path = ViewController.swift; sourceTree = "<group>"; };
		27E389EF1E7EFF5100868720 /* Assets.xcassets */ = {isa = PBXFileReference; lastKnownFileType = folder.assetcatalog; path = Assets.xcassets; sourceTree = "<group>"; };
		27E389F21E7EFF5100868720 /* Base */ = {isa = PBXFileReference; lastKnownFileType = file.storyboard; name = Base; path = Base.lproj/Main.storyboard; sourceTree = "<group>"; };
		27E389F41E7EFF5100868720 /* Info.plist */ = {isa = PBXFileReference; lastKnownFileType = text.plist.xml; path = Info.plist; sourceTree = "<group>"; };
		27E389FB1E7EFFE300868720 /* CoreLocation.framework */ = {isa = PBXFileReference; lastKnownFileType = wrapper.framework; name = CoreLocation.framework; path = System/Library/Frameworks/CoreLocation.framework; sourceTree = SDKROOT; };
		27E389FD1E7F020800868720 /* Ibeacon.swift */ = {isa = PBXFileReference; fileEncoding = 4; lastKnownFileType = sourcecode.swift; path = Ibeacon.swift; sourceTree = "<group>"; };
/* End PBXFileReference section */

/* Begin PBXFrameworksBuildPhase section */
		27E389E51E7EFF5000868720 /* Frameworks */ = {
			isa = PBXFrameworksBuildPhase;
			buildActionMask = 2147483647;
			files = (
				27E389FC1E7EFFE300868720 /* CoreLocation.framework in Frameworks */,
			);
			runOnlyForDeploymentPostprocessing = 0;
		};
/* End PBXFrameworksBuildPhase section */

/* Begin PBXGroup section */
		27E389DF1E7EFF5000868720 = {
			isa = PBXGroup;
			children = (
				27E389EA1E7EFF5100868720 /* iBeaconGenerator */,
				27E389E91E7EFF5100868720 /* Products */,
				27E389FA1E7EFFE300868720 /* Frameworks */,
			);
			sourceTree = "<group>";
		};
		27E389E91E7EFF5100868720 /* Products */ = {
			isa = PBXGroup;
			children = (
				27E389E81E7EFF5100868720 /* iBeaconGenerator.app */,
			);
			name = Products;
			sourceTree = "<group>";
		};
		27E389EA1E7EFF5100868720 /* iBeaconGenerator */ = {
			isa = PBXGroup;
			children = (
				27E389EB1E7EFF5100868720 /* AppDelegate.swift */,
				27E389ED1E7EFF5100868720 /* ViewController.swift */,
				27E389EF1E7EFF5100868720 /* Assets.xcassets */,
				27E389F11E7EFF5100868720 /* Main.storyboard */,
				27E389F41E7EFF5100868720 /* Info.plist */,
				27E389FD1E7F020800868720 /* Ibeacon.swift */,
			);
			path = iBeaconGenerator;
			sourceTree = "<group>";
		};
		27E389FA1E7EFFE300868720 /* Frameworks */ = {
			isa = PBXGroup;
			children = (
				27E389FB1E7EFFE300868720 /* CoreLocation.framework */,
			);
			name = Frameworks;
			sourceTree = "<group>";
		};
/* End PBXGroup section */

/* Begin PBXNativeTarget section */
		27E389E71E7EFF5000868720 /* iBeaconGenerator */ = {
			isa = PBXNativeTarget;
			buildConfigurationList = 27E389F71E7EFF5100868720 /* Build configuration list for PBXNativeTarget "iBeaconGenerator" */;
			buildPhases = (
				27E389E41E7EFF5000868720 /* Sources */,
				27E389E51E7EFF5000868720 /* Frameworks */,
				27E389E61E7EFF5000868720 /* Resources */,
			);
			buildRules = (
			);
			dependencies = (
			);
			name = iBeaconGenerator;
			productName = iBeaconGenerator;
			productReference = 27E389E81E7EFF5100868720 /* iBeaconGenerator.app */;
			productType = "com.apple.product-type.application";
		};
/* End PBXNativeTarget section */

/* Begin PBXProject section */
		27E389E01E7EFF5000868720 /* Project object */ = {
			isa = PBXProject;
			attributes = {
				LastSwiftUpdateCheck = 0820;
				LastUpgradeCheck = 0820;
				ORGANIZATIONNAME = SIN;
				TargetAttributes = {
					27E389E71E7EFF5000868720 = {
						CreatedOnToolsVersion = 8.2.1;
						DevelopmentTeam = T32GQ84AVX;
						ProvisioningStyle = Automatic;
					};
				};
			};
			buildConfigurationList = 27E389E31E7EFF5000868720 /* Build configuration list for PBXProject "iBeaconGenerator" */;
			compatibilityVersion = "Xcode 3.2";
			developmentRegion = English;
			hasScannedForEncodings = 0;
			knownRegions = (
				en,
				Base,
			);
			mainGroup = 27E389DF1E7EFF5000868720;
			productRefGroup = 27E389E91E7EFF5100868720 /* Products */;
			projectDirPath = "";
			projectRoot = "";
			targets = (
				27E389E71E7EFF5000868720 /* iBeaconGenerator */,
			);
		};
/* End PBXProject section */

/* Begin PBXResourcesBuildPhase section */
		27E389E61E7EFF5000868720 /* Resources */ = {
			isa = PBXResourcesBuildPhase;
			buildActionMask = 2147483647;
			files = (
				27E389F01E7EFF5100868720 /* Assets.xcassets in Resources */,
				27E389F31E7EFF5100868720 /* Main.storyboard in Resources */,
			);
			runOnlyForDeploymentPostprocessing = 0;
		};
/* End PBXResourcesBuildPhase section */

/* Begin PBXSourcesBuildPhase section */
		27E389E41E7EFF5000868720 /* Sources */ = {
			isa = PBXSourcesBuildPhase;
			buildActionMask = 2147483647;
			files = (
				27E389FE1E7F020800868720 /* Ibeacon.swift in Sources */,
				27E389EE1E7EFF5100868720 /* ViewController.swift in Sources */,
				27E389EC1E7EFF5100868720 /* AppDelegate.swift in Sources */,
			);
			runOnlyForDeploymentPostprocessing = 0;
		};
/* End PBXSourcesBuildPhase section */

/* Begin PBXVariantGroup section */
		27E389F11E7EFF5100868720 /* Main.storyboard */ = {
			isa = PBXVariantGroup;
			children = (
				27E389F21E7EFF5100868720 /* Base */,
			);
			name = Main.storyboard;
			sourceTree = "<group>";
		};
/* End PBXVariantGroup section */

/* Begin XCBuildConfiguration section */
		27E389F51E7EFF5100868720 /* Debug */ = {
			isa = XCBuildConfiguration;
			buildSettings = {
				ALWAYS_SEARCH_USER_PATHS = NO;
				CLANG_ANALYZER_NONNULL = YES;
				CLANG_CXX_LANGUAGE_STANDARD = "gnu++0x";
				CLANG_CXX_LIBRARY = "libc++";
				CLANG_ENABLE_MODULES = YES;
				CLANG_ENABLE_OBJC_ARC = YES;
				CLANG_WARN_BOOL_CONVERSION = YES;
				CLANG_WARN_CONSTANT_CONVERSION = YES;
				CLANG_WARN_DIRECT_OBJC_ISA_USAGE = YES_ERROR;
				CLANG_WARN_DOCUMENTATION_COMMENTS = YES;
				CLANG_WARN_EMPTY_BODY = YES;
				CLANG_WARN_ENUM_CONVERSION = YES;
				CLANG_WARN_INFINITE_RECURSION = YES;
				CLANG_WARN_INT_CONVERSION = YES;
				CLANG_WARN_OBJC_ROOT_CLASS = YES_ERROR;
				CLANG_WARN_SUSPICIOUS_MOVE = YES;
				CLANG_WARN_UNREACHABLE_CODE = YES;
				CLANG_WARN__DUPLICATE_METHOD_MATCH = YES;
				CODE_SIGN_IDENTITY = "-";
				COPY_PHASE_STRIP = NO;
				DEBUG_INFORMATION_FORMAT = dwarf;
				ENABLE_STRICT_OBJC_MSGSEND = YES;
				ENABLE_TESTABILITY = YES;
				GCC_C_LANGUAGE_STANDARD = gnu99;
				GCC_DYNAMIC_NO_PIC = NO;
				GCC_NO_COMMON_BLOCKS = YES;
				GCC_OPTIMIZATION_LEVEL = 0;
				GCC_PREPROCESSOR_DEFINITIONS = (
					"DEBUG=1",
					"$(inherited)",
				);
				GCC_WARN_64_TO_32_BIT_CONVERSION = YES;
				GCC_WARN_ABOUT_RETURN_TYPE = YES_ERROR;
				GCC_WARN_UNDECLARED_SELECTOR = YES;
				GCC_WARN_UNINITIALIZED_AUTOS = YES_AGGRESSIVE;
				GCC_WARN_UNUSED_FUNCTION = YES;
				GCC_WARN_UNUSED_VARIABLE = YES;
				MACOSX_DEPLOYMENT_TARGET = 10.11;
				MTL_ENABLE_DEBUG_INFO = YES;
				ONLY_ACTIVE_ARCH = YES;
				SDKROOT = macosx;
				SWIFT_ACTIVE_COMPILATION_CONDITIONS = DEBUG;
				SWIFT_OPTIMIZATION_LEVEL = "-Onone";
			};
			name = Debug;
		};
		27E389F61E7EFF5100868720 /* Release */ = {
			isa = XCBuildConfiguration;
			buildSettings = {
				ALWAYS_SEARCH_USER_PATHS = NO;
				CLANG_ANALYZER_NONNULL = YES;
				CLANG_CXX_LANGUAGE_STANDARD = "gnu++0x";
				CLANG_CXX_LIBRARY = "libc++";
				CLANG_ENABLE_MODULES = YES;
				CLANG_ENABLE_OBJC_ARC = YES;
				CLANG_WARN_BOOL_CONVERSION = YES;
				CLANG_WARN_CONSTANT_CONVERSION = YES;
				CLANG_WARN_DIRECT_OBJC_ISA_USAGE = YES_ERROR;
				CLANG_WARN_DOCUMENTATION_COMMENTS = YES;
				CLANG_WARN_EMPTY_BODY = YES;
				CLANG_WARN_ENUM_CONVERSION = YES;
				CLANG_WARN_INFINITE_RECURSION = YES;
				CLANG_WARN_INT_CONVERSION = YES;
				CLANG_WARN_OBJC_ROOT_CLASS = YES_ERROR;
				CLANG_WARN_SUSPICIOUS_MOVE = YES;
				CLANG_WARN_UNREACHABLE_CODE = YES;
				CLANG_WARN__DUPLICATE_METHOD_MATCH = YES;
				CODE_SIGN_IDENTITY = "-";
				COPY_PHASE_STRIP = NO;
				DEBUG_INFORMATION_FORMAT = "dwarf-with-dsym";
				ENABLE_NS_ASSERTIONS = NO;
				ENABLE_STRICT_OBJC_MSGSEND = YES;
				GCC_C_LANGUAGE_STANDARD = gnu99;
				GCC_NO_COMMON_BLOCKS = YES;
				GCC_WARN_64_TO_32_BIT_CONVERSION = YES;
				GCC_WARN_ABOUT_RETURN_TYPE = YES_ERROR;
				GCC_WARN_UNDECLARED_SELECTOR = YES;
				GCC_WARN_UNINITIALIZED_AUTOS = YES_AGGRESSIVE;
				GCC_WARN_UNUSED_FUNCTION = YES;
				GCC_WARN_UNUSED_VARIABLE = YES;
				MACOSX_DEPLOYMENT_TARGET = 10.11;
				MTL_ENABLE_DEBUG_INFO = NO;
				SDKROOT = macosx;
				SWIFT_OPTIMIZATION_LEVEL = "-Owholemodule";
			};
			name = Release;
		};
		27E389F81E7EFF5100868720 /* Debug */ = {
			isa = XCBuildConfiguration;
			buildSettings = {
				ASSETCATALOG_COMPILER_APPICON_NAME = AppIcon;
				COMBINE_HIDPI_IMAGES = YES;
				DEVELOPMENT_TEAM = T32GQ84AVX;
				INFOPLIST_FILE = iBeaconGenerator/Info.plist;
				LD_RUNPATH_SEARCH_PATHS = "$(inherited) @executable_path/../Frameworks";
				PRODUCT_BUNDLE_IDENTIFIER = jp.ne.sapporoworks.iBeaconGenerator;
				PRODUCT_NAME = "$(TARGET_NAME)";
				SWIFT_VERSION = 3.0;
			};
			name = Debug;
		};
		27E389F91E7EFF5100868720 /* Release */ = {
			isa = XCBuildConfiguration;
			buildSettings = {
				ASSETCATALOG_COMPILER_APPICON_NAME = AppIcon;
				COMBINE_HIDPI_IMAGES = YES;
				DEVELOPMENT_TEAM = T32GQ84AVX;
				INFOPLIST_FILE = iBeaconGenerator/Info.plist;
				LD_RUNPATH_SEARCH_PATHS = "$(inherited) @executable_path/../Frameworks";
				PRODUCT_BUNDLE_IDENTIFIER = jp.ne.sapporoworks.iBeaconGenerator;
				PRODUCT_NAME = "$(TARGET_NAME)";
				SWIFT_VERSION = 3.0;
			};
			name = Release;
		};
/* End XCBuildConfiguration section */

/* Begin XCConfigurationList section */
		27E389E31E7EFF5000868720 /* Build configuration list for PBXProject "iBeaconGenerator" */ = {
			isa = XCConfigurationList;
			buildConfigurations = (
				27E389F51E7EFF5100868720 /* Debug */,
				27E389F61E7EFF5100868720 /* Release */,
			);
			defaultConfigurationIsVisible = 0;
			defaultConfigurationName = Release;
		};
		27E389F71E7EFF5100868720 /* Build configuration list for PBXNativeTarget "iBeaconGenerator" */ = {
			isa = XCConfigurationList;
			buildConfigurations = (
				27E389F81E7EFF5100868720 /* Debug */,
				27E389F91E7EFF5100868720 /* Release */,
			);
			defaultConfigurationIsVisible = 0;
		};
/* End XCConfigurationList section */
	};
	rootObject = 27E389E01E7EFF5000868720 /* Project object */;
}
